
Microsoft Visual Studio Solution File, Format Version 12.00
# Visual Studio 15
VisualStudioVersion = 15.0.28307.572
MinimumVisualStudioVersion = 10.0.40219.1
Project("{9A19103F-16F7-4668-BE54-9A1E7A4F7556}") = "CSharp", "CSharp\CSharp.csproj", "{081CAFD4-74BB-4EF5-8C0F-482D4D92B823}"
EndProject
Project("{FAE04EC0-301F-11D3-BF4B-00C04F79EFBC}") = "CSharp.Test", "CSharp.Test\CSharp.Test.csproj", "{345404EE-4220-4354-BFAF-B0A55A88BE48}"
EndProject
Global
	GlobalSection(SolutionConfigurationPlatforms) = preSolution
		Debug|Any CPU = Debug|Any CPU
		Release|Any CPU = Release|Any CPU
	EndGlobalSection
	GlobalSection(ProjectConfigurationPlatforms) = postSolution
		{081CAFD4-74BB-4EF5-8C0F-482D4D92B823}.Debug|Any CPU.ActiveCfg = Debug|Any CPU
		{081CAFD4-74BB-4EF5-8C0F-482D4D92B823}.Debug|Any CPU.Build.0 = Debug|Any CPU
		{081CAFD4-74BB-4EF5-8C0F-482D4D92B823}.Release|Any CPU.ActiveCfg = Release|Any CPU
		{081CAFD4-74BB-4EF5-8C0F-482D4D92B823}.Release|Any CPU.Build.0 = Release|Any CPU
		{345404EE-4220-4354-BFAF-B0A55A88BE48}.Debug|Any CPU.ActiveCfg = Debug|Any CPU
		{345404EE-4220-4354-BFAF-B0A55A88BE48}.Debug|Any CPU.Build.0 = Debug|Any CPU
		{345404EE-4220-4354-BFAF-B0A55A88BE48}.Release|Any CPU.ActiveCfg = Release|Any CPU
		{345404EE-4220-4354-BFAF-B0A55A88BE48}.Release|Any CPU.Build.0 = Release|Any CPU
	EndGlobalSection
	GlobalSection(SolutionProperties) = preSolution
		HideSolutionNode = FALSE
	EndGlobalSection
	GlobalSection(ExtensibilityGlobals) = postSolution
		SolutionGuid = {C327CD71-BA54-4041-8CA3-A8FC0467386D}
	EndGlobalSection
EndGlobal
